
Microsoft Visual Studio Solution File, Format Version 12.00
# Visual Studio 14
VisualStudioVersion = 14.0.25420.1
MinimumVisualStudioVersion = 10.0.40219.1
Project("{FAE04EC0-301F-11D3-BF4B-00C04F79EFBC}") = "Core.Pages", "Core.Pages\Core.Pages.csproj", "{B71ECABB-7059-4739-999C-0354019B2EAE}"
	ProjectSection(ProjectDependencies) = postProject
		{0939282B-BF78-45C1-9196-4B5244C37E2D} = {0939282B-BF78-45C1-9196-4B5244C37E2D}
	EndProjectSection
EndProject
Project("{FAE04EC0-301F-11D3-BF4B-00C04F79EFBC}") = "Android", "Android\Android.csproj", "{98B31652-E5B6-4B55-9F0F-65787D310602}"
EndProject
Project("{F2A71F9B-5D33-465A-A702-920D77279786}") = "Core", "Core\Core.fsproj", "{0939282B-BF78-45C1-9196-4B5244C37E2D}"
EndProject
Project("{F2A71F9B-5D33-465A-A702-920D77279786}") = "Core.Tests", "Core.Tests\Core.Tests.fsproj", "{11EAC761-A9C4-45C3-9E57-DAE233BDD7C5}"
EndProject
Project("{F2A71F9B-5D33-465A-A702-920D77279786}") = "Mvvm", "Mvvm\Mvvm.fsproj", "{584749DC-83E3-4D41-9535-550BDE6DF428}"
EndProject
Project("{F2A71F9B-5D33-465A-A702-920D77279786}") = "Core.IntegrationTests", "Core.IntegrationTests\Core.IntegrationTests.fsproj", "{576E2083-18E9-4029-86D3-6C7CFF41D26A}"
EndProject
Project("{F2A71F9B-5D33-465A-A702-920D77279786}") = "Xaml", "Xaml\Xaml.fsproj", "{1D1EBC2D-900E-4F73-A7D5-2CD01F6822F1}"
EndProject
Project("{FAE04EC0-301F-11D3-BF4B-00C04F79EFBC}") = "Linphone.Android", "Linphone.Android\Linphone.Android.csproj", "{34B7F072-0E9A-4F9D-AFD3-9EBAB82629F8}"
EndProject
Project("{F2A71F9B-5D33-465A-A702-920D77279786}") = "SipPhone.Core", "SipPhone.Core\SipPhone.Core.fsproj", "{3CF7D679-58D5-44C0-8C3E-8EE24ACBD60E}"
EndProject
Project("{F2A71F9B-5D33-465A-A702-920D77279786}") = "SipPhone.Core.Tests", "SipPhone.Core.Tests\SipPhone.Core.Tests.fsproj", "{11A672A8-A783-4733-819D-3715758DE097}"
EndProject
Project("{F2A71F9B-5D33-465A-A702-920D77279786}") = "Rop", "Rop\Rop.fsproj", "{54F2F60C-F93C-46BE-8771-D47329A22743}"
EndProject
Project("{F2A71F9B-5D33-465A-A702-920D77279786}") = "Mvvm.Tools", "Mvvm.Tools\Mvvm.Tools.fsproj", "{AF188774-E55F-46E7-AE0D-98E4199BBAF3}"
EndProject
Project("{2150E333-8FDC-42A3-9474-1A3956D46DE8}") = "Infrastructure", "Infrastructure", "{BAF2C070-B5F7-4058-996F-4D3808F7165E}"
EndProject
Project("{2150E333-8FDC-42A3-9474-1A3956D46DE8}") = "UnitTests", "UnitTests", "{622FCFAD-A1B2-4D15-93A5-0C5F5558228E}"
EndProject
Project("{2150E333-8FDC-42A3-9474-1A3956D46DE8}") = "IntegrationTests", "IntegrationTests", "{0D814686-0FCB-4580-A149-E9219F29D608}"
EndProject
Project("{FAE04EC0-301F-11D3-BF4B-00C04F79EFBC}") = "SipPhone.Core.Pages", "SipPhone.Core.Pages\SipPhone.Core.Pages.csproj", "{CE1BE5C6-D719-4BC5-BFB8-65033B3285C8}"
EndProject
Project("{FAE04EC0-301F-11D3-BF4B-00C04F79EFBC}") = "SipPhone.Android", "SipPhone.Android\SipPhone.Android.csproj", "{3D319FCC-F434-4801-A79E-0769806DF4A3}"
EndProject
Project("{FAE04EC0-301F-11D3-BF4B-00C04F79EFBC}") = "Android.Tests", "Android.Tests\Android.Tests.csproj", "{CC315E89-7BC7-4422-ADC7-BA35ECB034BB}"
EndProject
Global
	GlobalSection(SolutionConfigurationPlatforms) = preSolution
		Debug|Any CPU = Debug|Any CPU
		Release|Any CPU = Release|Any CPU
	EndGlobalSection
	GlobalSection(ProjectConfigurationPlatforms) = postSolution
		{B71ECABB-7059-4739-999C-0354019B2EAE}.Debug|Any CPU.ActiveCfg = Debug|Any CPU
		{B71ECABB-7059-4739-999C-0354019B2EAE}.Debug|Any CPU.Build.0 = Debug|Any CPU
		{B71ECABB-7059-4739-999C-0354019B2EAE}.Release|Any CPU.ActiveCfg = Release|Any CPU
		{B71ECABB-7059-4739-999C-0354019B2EAE}.Release|Any CPU.Build.0 = Release|Any CPU
		{98B31652-E5B6-4B55-9F0F-65787D310602}.Debug|Any CPU.ActiveCfg = Debug|Any CPU
		{98B31652-E5B6-4B55-9F0F-65787D310602}.Debug|Any CPU.Build.0 = Debug|Any CPU
		{98B31652-E5B6-4B55-9F0F-65787D310602}.Release|Any CPU.ActiveCfg = Release|Any CPU
		{98B31652-E5B6-4B55-9F0F-65787D310602}.Release|Any CPU.Build.0 = Release|Any CPU
		{0939282B-BF78-45C1-9196-4B5244C37E2D}.Debug|Any CPU.ActiveCfg = Debug|Any CPU
		{0939282B-BF78-45C1-9196-4B5244C37E2D}.Debug|Any CPU.Build.0 = Debug|Any CPU
		{0939282B-BF78-45C1-9196-4B5244C37E2D}.Release|Any CPU.ActiveCfg = Release|Any CPU
		{0939282B-BF78-45C1-9196-4B5244C37E2D}.Release|Any CPU.Build.0 = Release|Any CPU
		{11EAC761-A9C4-45C3-9E57-DAE233BDD7C5}.Debug|Any CPU.ActiveCfg = Debug|Any CPU
		{11EAC761-A9C4-45C3-9E57-DAE233BDD7C5}.Debug|Any CPU.Build.0 = Debug|Any CPU
		{11EAC761-A9C4-45C3-9E57-DAE233BDD7C5}.Release|Any CPU.ActiveCfg = Release|Any CPU
		{11EAC761-A9C4-45C3-9E57-DAE233BDD7C5}.Release|Any CPU.Build.0 = Release|Any CPU
		{584749DC-83E3-4D41-9535-550BDE6DF428}.Debug|Any CPU.ActiveCfg = Debug|Any CPU
		{584749DC-83E3-4D41-9535-550BDE6DF428}.Debug|Any CPU.Build.0 = Debug|Any CPU
		{584749DC-83E3-4D41-9535-550BDE6DF428}.Release|Any CPU.ActiveCfg = Release|Any CPU
		{584749DC-83E3-4D41-9535-550BDE6DF428}.Release|Any CPU.Build.0 = Release|Any CPU
		{576E2083-18E9-4029-86D3-6C7CFF41D26A}.Debug|Any CPU.ActiveCfg = Debug|Any CPU
		{576E2083-18E9-4029-86D3-6C7CFF41D26A}.Debug|Any CPU.Build.0 = Debug|Any CPU
		{576E2083-18E9-4029-86D3-6C7CFF41D26A}.Release|Any CPU.ActiveCfg = Release|Any CPU
		{576E2083-18E9-4029-86D3-6C7CFF41D26A}.Release|Any CPU.Build.0 = Release|Any CPU
		{1D1EBC2D-900E-4F73-A7D5-2CD01F6822F1}.Debug|Any CPU.ActiveCfg = Debug|Any CPU
		{1D1EBC2D-900E-4F73-A7D5-2CD01F6822F1}.Debug|Any CPU.Build.0 = Debug|Any CPU
		{1D1EBC2D-900E-4F73-A7D5-2CD01F6822F1}.Release|Any CPU.ActiveCfg = Release|Any CPU
		{1D1EBC2D-900E-4F73-A7D5-2CD01F6822F1}.Release|Any CPU.Build.0 = Release|Any CPU
		{34B7F072-0E9A-4F9D-AFD3-9EBAB82629F8}.Debug|Any CPU.ActiveCfg = Debug|Any CPU
		{34B7F072-0E9A-4F9D-AFD3-9EBAB82629F8}.Debug|Any CPU.Build.0 = Debug|Any CPU
		{34B7F072-0E9A-4F9D-AFD3-9EBAB82629F8}.Release|Any CPU.ActiveCfg = Release|Any CPU
		{34B7F072-0E9A-4F9D-AFD3-9EBAB82629F8}.Release|Any CPU.Build.0 = Release|Any CPU
		{3CF7D679-58D5-44C0-8C3E-8EE24ACBD60E}.Debug|Any CPU.ActiveCfg = Debug|Any CPU
		{3CF7D679-58D5-44C0-8C3E-8EE24ACBD60E}.Debug|Any CPU.Build.0 = Debug|Any CPU
		{3CF7D679-58D5-44C0-8C3E-8EE24ACBD60E}.Release|Any CPU.ActiveCfg = Release|Any CPU
		{3CF7D679-58D5-44C0-8C3E-8EE24ACBD60E}.Release|Any CPU.Build.0 = Release|Any CPU
		{11A672A8-A783-4733-819D-3715758DE097}.Debug|Any CPU.ActiveCfg = Debug|Any CPU
		{11A672A8-A783-4733-819D-3715758DE097}.Debug|Any CPU.Build.0 = Debug|Any CPU
		{11A672A8-A783-4733-819D-3715758DE097}.Release|Any CPU.ActiveCfg = Release|Any CPU
		{11A672A8-A783-4733-819D-3715758DE097}.Release|Any CPU.Build.0 = Release|Any CPU
		{54F2F60C-F93C-46BE-8771-D47329A22743}.Debug|Any CPU.ActiveCfg = Debug|Any CPU
		{54F2F60C-F93C-46BE-8771-D47329A22743}.Debug|Any CPU.Build.0 = Debug|Any CPU
		{54F2F60C-F93C-46BE-8771-D47329A22743}.Release|Any CPU.ActiveCfg = Release|Any CPU
		{54F2F60C-F93C-46BE-8771-D47329A22743}.Release|Any CPU.Build.0 = Release|Any CPU
		{AF188774-E55F-46E7-AE0D-98E4199BBAF3}.Debug|Any CPU.ActiveCfg = Debug|Any CPU
		{AF188774-E55F-46E7-AE0D-98E4199BBAF3}.Debug|Any CPU.Build.0 = Debug|Any CPU
		{AF188774-E55F-46E7-AE0D-98E4199BBAF3}.Release|Any CPU.ActiveCfg = Release|Any CPU
		{AF188774-E55F-46E7-AE0D-98E4199BBAF3}.Release|Any CPU.Build.0 = Release|Any CPU
		{CE1BE5C6-D719-4BC5-BFB8-65033B3285C8}.Debug|Any CPU.ActiveCfg = Debug|Any CPU
		{CE1BE5C6-D719-4BC5-BFB8-65033B3285C8}.Debug|Any CPU.Build.0 = Debug|Any CPU
		{CE1BE5C6-D719-4BC5-BFB8-65033B3285C8}.Release|Any CPU.ActiveCfg = Release|Any CPU
		{CE1BE5C6-D719-4BC5-BFB8-65033B3285C8}.Release|Any CPU.Build.0 = Release|Any CPU
		{3D319FCC-F434-4801-A79E-0769806DF4A3}.Debug|Any CPU.ActiveCfg = Debug|Any CPU
		{3D319FCC-F434-4801-A79E-0769806DF4A3}.Debug|Any CPU.Build.0 = Debug|Any CPU
		{3D319FCC-F434-4801-A79E-0769806DF4A3}.Release|Any CPU.ActiveCfg = Release|Any CPU
		{3D319FCC-F434-4801-A79E-0769806DF4A3}.Release|Any CPU.Build.0 = Release|Any CPU
		{CC315E89-7BC7-4422-ADC7-BA35ECB034BB}.Debug|Any CPU.ActiveCfg = Debug|Any CPU
		{CC315E89-7BC7-4422-ADC7-BA35ECB034BB}.Debug|Any CPU.Build.0 = Debug|Any CPU
		{CC315E89-7BC7-4422-ADC7-BA35ECB034BB}.Debug|Any CPU.Deploy.0 = Debug|Any CPU
		{CC315E89-7BC7-4422-ADC7-BA35ECB034BB}.Release|Any CPU.ActiveCfg = Release|Any CPU
		{CC315E89-7BC7-4422-ADC7-BA35ECB034BB}.Release|Any CPU.Build.0 = Release|Any CPU
		{CC315E89-7BC7-4422-ADC7-BA35ECB034BB}.Release|Any CPU.Deploy.0 = Release|Any CPU
	EndGlobalSection
	GlobalSection(SolutionProperties) = preSolution
		HideSolutionNode = FALSE
	EndGlobalSection
	GlobalSection(NestedProjects) = preSolution
		{11EAC761-A9C4-45C3-9E57-DAE233BDD7C5} = {622FCFAD-A1B2-4D15-93A5-0C5F5558228E}
		{584749DC-83E3-4D41-9535-550BDE6DF428} = {BAF2C070-B5F7-4058-996F-4D3808F7165E}
		{576E2083-18E9-4029-86D3-6C7CFF41D26A} = {0D814686-0FCB-4580-A149-E9219F29D608}
		{1D1EBC2D-900E-4F73-A7D5-2CD01F6822F1} = {BAF2C070-B5F7-4058-996F-4D3808F7165E}
		{11A672A8-A783-4733-819D-3715758DE097} = {622FCFAD-A1B2-4D15-93A5-0C5F5558228E}
		{54F2F60C-F93C-46BE-8771-D47329A22743} = {BAF2C070-B5F7-4058-996F-4D3808F7165E}
		{AF188774-E55F-46E7-AE0D-98E4199BBAF3} = {BAF2C070-B5F7-4058-996F-4D3808F7165E}
		{CC315E89-7BC7-4422-ADC7-BA35ECB034BB} = {0D814686-0FCB-4580-A149-E9219F29D608}
	EndGlobalSection
	GlobalSection(MonoDevelopProperties) = preSolution
		StartupItem = Android\TourAssistant.Client.Android.csproj
	EndGlobalSection
EndGlobal
